
Microsoft Visual Studio Solution File, Format Version 12.00
# Visual Studio 15
VisualStudioVersion = 15.0.28307.421
MinimumVisualStudioVersion = 10.0.40219.1
Project("{2150E333-8FDC-42A3-9474-1A3956D46DE8}") = "Lib", "Lib", "{5D96B083-791F-4507-BEF3-1BA930CD04CB}"
EndProject
Project("{2150E333-8FDC-42A3-9474-1A3956D46DE8}") = "DataAccess", "DataAccess", "{1C178FE1-29A6-4B3C-91C7-7B5DE5E1CBAB}"
EndProject
Project("{2150E333-8FDC-42A3-9474-1A3956D46DE8}") = "EntityFramework", "EntityFramework", "{14EB6B72-937A-43D8-90F1-EC53ECE8B6F5}"
EndProject
Project("{2150E333-8FDC-42A3-9474-1A3956D46DE8}") = "Web", "Web", "{D959A575-9B04-4FB4-A6DE-8F7CF2A0750D}"
EndProject
Project("{2150E333-8FDC-42A3-9474-1A3956D46DE8}") = "CodeFirst", "CodeFirst", "{65025AF9-D27D-4B8B-A65A-16FF66B5034E}"
EndProject
Project("{2150E333-8FDC-42A3-9474-1A3956D46DE8}") = "DBFirst", "DBFirst", "{EDB41BB3-385E-4F65-B22E-68B440FC6BF8}"
EndProject
Project("{2150E333-8FDC-42A3-9474-1A3956D46DE8}") = "Factory", "Factory", "{0D2C93EE-581D-49D8-BA69-87BFCDA9FA38}"
EndProject
Project("{9A19103F-16F7-4668-BE54-9A1E7A4F7556}") = "DynamicSettings.Factory", "Factory\DynamicSettings.Factory\DynamicSettings.Factory.csproj", "{103E22D0-548F-4E5C-8A32-97BA74C22C9A}"
EndProject
Project("{9A19103F-16F7-4668-BE54-9A1E7A4F7556}") = "DynamicSettings.Web", "Web\DynamicSettings.Web\DynamicSettings.Web.csproj", "{78BAE13C-27AF-4403-A38F-589ADDA89950}"
EndProject
Project("{9A19103F-16F7-4668-BE54-9A1E7A4F7556}") = "DynamicSettings.API", "Web\DynamicSettings.API\DynamicSettings.API.csproj", "{80ABD8F7-088E-47BA-AD72-D03624DB22F3}"
EndProject
Project("{9A19103F-16F7-4668-BE54-9A1E7A4F7556}") = "DynamicSettings.MVC", "Web\DynamicSettings.MVC\DynamicSettings.MVC.csproj", "{1D64A9EA-C623-4FEB-9853-1FA19AF28D2E}"
EndProject
Project("{9A19103F-16F7-4668-BE54-9A1E7A4F7556}") = "DynamicSettings.RazorLib", "Web\Lib\DynamicSettings.RazorLib\DynamicSettings.RazorLib.csproj", "{ED158416-54B0-4BCB-9F95-F66E922C7C19}"
EndProject
Project("{9A19103F-16F7-4668-BE54-9A1E7A4F7556}") = "DynamicSettings.Angular", "Web\DynamicSettings.Angular\DynamicSettings.Angular.csproj", "{E8D0C9AD-90CD-4DCF-9962-379BA30A2C53}"
EndProject
Project("{9A19103F-16F7-4668-BE54-9A1E7A4F7556}") = "DynamicSettings.React", "Web\DynamicSettings.React\DynamicSettings.React.csproj", "{CF43D1B7-AADF-4380-B8C9-145FDFE93E05}"
EndProject
Project("{9A19103F-16F7-4668-BE54-9A1E7A4F7556}") = "DynamicSettings.Redux", "Web\DynamicSettings.Redux\DynamicSettings.Redux.csproj", "{A8472EDE-1C38-44A3-903B-11CB9475E6F1}"
EndProject
Project("{9A19103F-16F7-4668-BE54-9A1E7A4F7556}") = "DynamicSettings.CodeFirst.DataAccess", "EntityFramework\CodeFirst\DataAccess\DynamicSettings.CodeFirst.DataAccess\DynamicSettings.CodeFirst.DataAccess.csproj", "{44F9A2E2-349D-4E45-B60A-F027D4F1E0B4}"
EndProject
Project("{9A19103F-16F7-4668-BE54-9A1E7A4F7556}") = "DynamicSettings.CodeFirst.IDataAccess", "EntityFramework\CodeFirst\DataAccess\DynamicSettings.CodeFirst.IDataAccess\DynamicSettings.CodeFirst.IDataAccess.csproj", "{A3C35A27-B68B-4C75-B915-AC7F0780C917}"
EndProject
Project("{9A19103F-16F7-4668-BE54-9A1E7A4F7556}") = "DynamicSettings.CodeFirst.Model", "EntityFramework\CodeFirst\DynamicSettings.CodeFirst.Model\DynamicSettings.CodeFirst.Model.csproj", "{28D1CEC6-045E-4B5B-9E80-8A8CB037C9C3}"
EndProject
Project("{9A19103F-16F7-4668-BE54-9A1E7A4F7556}") = "DynamicSettings.CodeFirst.Context", "EntityFramework\CodeFirst\DynamicSettings.CodeFirst.Context\DynamicSettings.CodeFirst.Context.csproj", "{F0728E76-14EA-4F93-8CE0-C29360415ADD}"
EndProject
Project("{9A19103F-16F7-4668-BE54-9A1E7A4F7556}") = "DynamicSettings.DBFirst.Context", "EntityFramework\DBFirst\DynamicSettings.DBFirst.Context\DynamicSettings.DBFirst.Context.csproj", "{1877C54A-781C-4692-8947-5528FFD113B2}"
EndProject
Project("{2150E333-8FDC-42A3-9474-1A3956D46DE8}") = "Common", "Common", "{65461BC1-1B01-429A-8E6A-7CEF688FD8B7}"
EndProject
Project("{9A19103F-16F7-4668-BE54-9A1E7A4F7556}") = "DynamicSettings.Common", "Common\DynamicSettings.Common\DynamicSettings.Common.csproj", "{46A38DFC-9245-4FE8-BBA0-A934C961EC07}"
EndProject
Project("{2150E333-8FDC-42A3-9474-1A3956D46DE8}") = "Domain", "Domain", "{53C02B21-BCE8-47F5-9642-1D75BE33E59E}"
EndProject
Project("{9A19103F-16F7-4668-BE54-9A1E7A4F7556}") = "DynamicSettings.Domain", "Domain\DynamicSettings.Domain\DynamicSettings.Domain.csproj", "{346DF090-3505-44E2-B570-1F3CEF188B55}"
EndProject
Global
	GlobalSection(SolutionConfigurationPlatforms) = preSolution
		Debug|Any CPU = Debug|Any CPU
		Release|Any CPU = Release|Any CPU
	EndGlobalSection
	GlobalSection(ProjectConfigurationPlatforms) = postSolution
		{103E22D0-548F-4E5C-8A32-97BA74C22C9A}.Debug|Any CPU.ActiveCfg = Debug|Any CPU
		{103E22D0-548F-4E5C-8A32-97BA74C22C9A}.Debug|Any CPU.Build.0 = Debug|Any CPU
		{103E22D0-548F-4E5C-8A32-97BA74C22C9A}.Release|Any CPU.ActiveCfg = Release|Any CPU
		{103E22D0-548F-4E5C-8A32-97BA74C22C9A}.Release|Any CPU.Build.0 = Release|Any CPU
		{78BAE13C-27AF-4403-A38F-589ADDA89950}.Debug|Any CPU.ActiveCfg = Debug|Any CPU
		{78BAE13C-27AF-4403-A38F-589ADDA89950}.Debug|Any CPU.Build.0 = Debug|Any CPU
		{78BAE13C-27AF-4403-A38F-589ADDA89950}.Release|Any CPU.ActiveCfg = Release|Any CPU
		{78BAE13C-27AF-4403-A38F-589ADDA89950}.Release|Any CPU.Build.0 = Release|Any CPU
		{80ABD8F7-088E-47BA-AD72-D03624DB22F3}.Debug|Any CPU.ActiveCfg = Debug|Any CPU
		{80ABD8F7-088E-47BA-AD72-D03624DB22F3}.Debug|Any CPU.Build.0 = Debug|Any CPU
		{80ABD8F7-088E-47BA-AD72-D03624DB22F3}.Release|Any CPU.ActiveCfg = Release|Any CPU
		{80ABD8F7-088E-47BA-AD72-D03624DB22F3}.Release|Any CPU.Build.0 = Release|Any CPU
		{1D64A9EA-C623-4FEB-9853-1FA19AF28D2E}.Debug|Any CPU.ActiveCfg = Debug|Any CPU
		{1D64A9EA-C623-4FEB-9853-1FA19AF28D2E}.Debug|Any CPU.Build.0 = Debug|Any CPU
		{1D64A9EA-C623-4FEB-9853-1FA19AF28D2E}.Release|Any CPU.ActiveCfg = Release|Any CPU
		{1D64A9EA-C623-4FEB-9853-1FA19AF28D2E}.Release|Any CPU.Build.0 = Release|Any CPU
		{ED158416-54B0-4BCB-9F95-F66E922C7C19}.Debug|Any CPU.ActiveCfg = Debug|Any CPU
		{ED158416-54B0-4BCB-9F95-F66E922C7C19}.Debug|Any CPU.Build.0 = Debug|Any CPU
		{ED158416-54B0-4BCB-9F95-F66E922C7C19}.Release|Any CPU.ActiveCfg = Release|Any CPU
		{ED158416-54B0-4BCB-9F95-F66E922C7C19}.Release|Any CPU.Build.0 = Release|Any CPU
		{E8D0C9AD-90CD-4DCF-9962-379BA30A2C53}.Debug|Any CPU.ActiveCfg = Debug|Any CPU
		{E8D0C9AD-90CD-4DCF-9962-379BA30A2C53}.Debug|Any CPU.Build.0 = Debug|Any CPU
		{E8D0C9AD-90CD-4DCF-9962-379BA30A2C53}.Release|Any CPU.ActiveCfg = Release|Any CPU
		{E8D0C9AD-90CD-4DCF-9962-379BA30A2C53}.Release|Any CPU.Build.0 = Release|Any CPU
		{CF43D1B7-AADF-4380-B8C9-145FDFE93E05}.Debug|Any CPU.ActiveCfg = Debug|Any CPU
		{CF43D1B7-AADF-4380-B8C9-145FDFE93E05}.Debug|Any CPU.Build.0 = Debug|Any CPU
		{CF43D1B7-AADF-4380-B8C9-145FDFE93E05}.Release|Any CPU.ActiveCfg = Release|Any CPU
		{CF43D1B7-AADF-4380-B8C9-145FDFE93E05}.Release|Any CPU.Build.0 = Release|Any CPU
		{A8472EDE-1C38-44A3-903B-11CB9475E6F1}.Debug|Any CPU.ActiveCfg = Debug|Any CPU
		{A8472EDE-1C38-44A3-903B-11CB9475E6F1}.Debug|Any CPU.Build.0 = Debug|Any CPU
		{A8472EDE-1C38-44A3-903B-11CB9475E6F1}.Release|Any CPU.ActiveCfg = Release|Any CPU
		{A8472EDE-1C38-44A3-903B-11CB9475E6F1}.Release|Any CPU.Build.0 = Release|Any CPU
		{44F9A2E2-349D-4E45-B60A-F027D4F1E0B4}.Debug|Any CPU.ActiveCfg = Debug|Any CPU
		{44F9A2E2-349D-4E45-B60A-F027D4F1E0B4}.Debug|Any CPU.Build.0 = Debug|Any CPU
		{44F9A2E2-349D-4E45-B60A-F027D4F1E0B4}.Release|Any CPU.ActiveCfg = Release|Any CPU
		{44F9A2E2-349D-4E45-B60A-F027D4F1E0B4}.Release|Any CPU.Build.0 = Release|Any CPU
		{A3C35A27-B68B-4C75-B915-AC7F0780C917}.Debug|Any CPU.ActiveCfg = Debug|Any CPU
		{A3C35A27-B68B-4C75-B915-AC7F0780C917}.Debug|Any CPU.Build.0 = Debug|Any CPU
		{A3C35A27-B68B-4C75-B915-AC7F0780C917}.Release|Any CPU.ActiveCfg = Release|Any CPU
		{A3C35A27-B68B-4C75-B915-AC7F0780C917}.Release|Any CPU.Build.0 = Release|Any CPU
		{28D1CEC6-045E-4B5B-9E80-8A8CB037C9C3}.Debug|Any CPU.ActiveCfg = Debug|Any CPU
		{28D1CEC6-045E-4B5B-9E80-8A8CB037C9C3}.Debug|Any CPU.Build.0 = Debug|Any CPU
		{28D1CEC6-045E-4B5B-9E80-8A8CB037C9C3}.Release|Any CPU.ActiveCfg = Release|Any CPU
		{28D1CEC6-045E-4B5B-9E80-8A8CB037C9C3}.Release|Any CPU.Build.0 = Release|Any CPU
		{F0728E76-14EA-4F93-8CE0-C29360415ADD}.Debug|Any CPU.ActiveCfg = Debug|Any CPU
		{F0728E76-14EA-4F93-8CE0-C29360415ADD}.Debug|Any CPU.Build.0 = Debug|Any CPU
		{F0728E76-14EA-4F93-8CE0-C29360415ADD}.Release|Any CPU.ActiveCfg = Release|Any CPU
		{F0728E76-14EA-4F93-8CE0-C29360415ADD}.Release|Any CPU.Build.0 = Release|Any CPU
		{1877C54A-781C-4692-8947-5528FFD113B2}.Debug|Any CPU.ActiveCfg = Debug|Any CPU
		{1877C54A-781C-4692-8947-5528FFD113B2}.Debug|Any CPU.Build.0 = Debug|Any CPU
		{1877C54A-781C-4692-8947-5528FFD113B2}.Release|Any CPU.ActiveCfg = Release|Any CPU
		{1877C54A-781C-4692-8947-5528FFD113B2}.Release|Any CPU.Build.0 = Release|Any CPU
		{46A38DFC-9245-4FE8-BBA0-A934C961EC07}.Debug|Any CPU.ActiveCfg = Debug|Any CPU
		{46A38DFC-9245-4FE8-BBA0-A934C961EC07}.Debug|Any CPU.Build.0 = Debug|Any CPU
		{46A38DFC-9245-4FE8-BBA0-A934C961EC07}.Release|Any CPU.ActiveCfg = Release|Any CPU
		{46A38DFC-9245-4FE8-BBA0-A934C961EC07}.Release|Any CPU.Build.0 = Release|Any CPU
		{346DF090-3505-44E2-B570-1F3CEF188B55}.Debug|Any CPU.ActiveCfg = Debug|Any CPU
		{346DF090-3505-44E2-B570-1F3CEF188B55}.Debug|Any CPU.Build.0 = Debug|Any CPU
		{346DF090-3505-44E2-B570-1F3CEF188B55}.Release|Any CPU.ActiveCfg = Release|Any CPU
		{346DF090-3505-44E2-B570-1F3CEF188B55}.Release|Any CPU.Build.0 = Release|Any CPU
	EndGlobalSection
	GlobalSection(SolutionProperties) = preSolution
		HideSolutionNode = FALSE
	EndGlobalSection
	GlobalSection(NestedProjects) = preSolution
		{5D96B083-791F-4507-BEF3-1BA930CD04CB} = {D959A575-9B04-4FB4-A6DE-8F7CF2A0750D}
		{1C178FE1-29A6-4B3C-91C7-7B5DE5E1CBAB} = {65025AF9-D27D-4B8B-A65A-16FF66B5034E}
		{65025AF9-D27D-4B8B-A65A-16FF66B5034E} = {14EB6B72-937A-43D8-90F1-EC53ECE8B6F5}
		{EDB41BB3-385E-4F65-B22E-68B440FC6BF8} = {14EB6B72-937A-43D8-90F1-EC53ECE8B6F5}
		{103E22D0-548F-4E5C-8A32-97BA74C22C9A} = {0D2C93EE-581D-49D8-BA69-87BFCDA9FA38}
		{78BAE13C-27AF-4403-A38F-589ADDA89950} = {D959A575-9B04-4FB4-A6DE-8F7CF2A0750D}
		{80ABD8F7-088E-47BA-AD72-D03624DB22F3} = {D959A575-9B04-4FB4-A6DE-8F7CF2A0750D}
		{1D64A9EA-C623-4FEB-9853-1FA19AF28D2E} = {D959A575-9B04-4FB4-A6DE-8F7CF2A0750D}
		{ED158416-54B0-4BCB-9F95-F66E922C7C19} = {5D96B083-791F-4507-BEF3-1BA930CD04CB}
		{E8D0C9AD-90CD-4DCF-9962-379BA30A2C53} = {D959A575-9B04-4FB4-A6DE-8F7CF2A0750D}
		{CF43D1B7-AADF-4380-B8C9-145FDFE93E05} = {D959A575-9B04-4FB4-A6DE-8F7CF2A0750D}
		{A8472EDE-1C38-44A3-903B-11CB9475E6F1} = {D959A575-9B04-4FB4-A6DE-8F7CF2A0750D}
		{44F9A2E2-349D-4E45-B60A-F027D4F1E0B4} = {1C178FE1-29A6-4B3C-91C7-7B5DE5E1CBAB}
		{A3C35A27-B68B-4C75-B915-AC7F0780C917} = {1C178FE1-29A6-4B3C-91C7-7B5DE5E1CBAB}
		{28D1CEC6-045E-4B5B-9E80-8A8CB037C9C3} = {65025AF9-D27D-4B8B-A65A-16FF66B5034E}
		{F0728E76-14EA-4F93-8CE0-C29360415ADD} = {65025AF9-D27D-4B8B-A65A-16FF66B5034E}
		{1877C54A-781C-4692-8947-5528FFD113B2} = {EDB41BB3-385E-4F65-B22E-68B440FC6BF8}
		{46A38DFC-9245-4FE8-BBA0-A934C961EC07} = {65461BC1-1B01-429A-8E6A-7CEF688FD8B7}
		{346DF090-3505-44E2-B570-1F3CEF188B55} = {53C02B21-BCE8-47F5-9642-1D75BE33E59E}
	EndGlobalSection
	GlobalSection(ExtensibilityGlobals) = postSolution
		SolutionGuid = {51CDB62B-02CD-4552-8C87-52046F762A6A}
	EndGlobalSection
EndGlobal
